
Microsoft Visual Studio Solution File, Format Version 12.00
# Visual Studio Version 16
VisualStudioVersion = 16.0.30320.27
MinimumVisualStudioVersion = 10.0.40219.1
Project("{FAE04EC0-301F-11D3-BF4B-00C04F79EFBC}") = "LenoApp", "LenoApp\LenoApp.csproj", "{FC5C9A70-371D-49D1-9578-7C65E2E5A41F}"
EndProject
Project("{FAE04EC0-301F-11D3-BF4B-00C04F79EFBC}") = "HookUtil", "HookUtil\HookUtil.csproj", "{D486A51D-BD71-4D00-8B92-FC1BBC00EC4F}"
EndProject
Global
	GlobalSection(SolutionConfigurationPlatforms) = preSolution
		Debug|Any CPU = Debug|Any CPU
		Release|Any CPU = Release|Any CPU
	EndGlobalSection
	GlobalSection(ProjectConfigurationPlatforms) = postSolution
		{FC5C9A70-371D-49D1-9578-7C65E2E5A41F}.Debug|Any CPU.ActiveCfg = Debug|Any CPU
		{FC5C9A70-371D-49D1-9578-7C65E2E5A41F}.Debug|Any CPU.Build.0 = Debug|Any CPU
		{FC5C9A70-371D-49D1-9578-7C65E2E5A41F}.Release|Any CPU.ActiveCfg = Release|Any CPU
		{FC5C9A70-371D-49D1-9578-7C65E2E5A41F}.Release|Any CPU.Build.0 = Release|Any CPU
		{D486A51D-BD71-4D00-8B92-FC1BBC00EC4F}.Debug|Any CPU.ActiveCfg = Debug|Any CPU
		{D486A51D-BD71-4D00-8B92-FC1BBC00EC4F}.Debug|Any CPU.Build.0 = Debug|Any CPU
		{D486A51D-BD71-4D00-8B92-FC1BBC00EC4F}.Release|Any CPU.ActiveCfg = Release|Any CPU
		{D486A51D-BD71-4D00-8B92-FC1BBC00EC4F}.Release|Any CPU.Build.0 = Release|Any CPU
	EndGlobalSection
	GlobalSection(SolutionProperties) = preSolution
		HideSolutionNode = FALSE
	EndGlobalSection
	GlobalSection(ExtensibilityGlobals) = postSolution
		SolutionGuid = {840A2F63-76DB-4B3F-B954-8608DF95E32D}
	EndGlobalSection
EndGlobal
